
Microsoft Visual Studio Solution File, Format Version 12.00
# Visual Studio Version 17
VisualStudioVersion = 17.10.34916.146
MinimumVisualStudioVersion = 10.0.40219.1
Project("{FAE04EC0-301F-11D3-BF4B-00C04F79EFBC}") = "AbilityScoreTester", "AbilityScoreTester\AbilityScoreTester.csproj", "{F12E0294-F7E3-4FF9-A647-91FE24917052}"
EndProject
Global
	GlobalSection(SolutionConfigurationPlatforms) = preSolution
		Debug|Any CPU = Debug|Any CPU
		Release|Any CPU = Release|Any CPU
	EndGlobalSection
	GlobalSection(ProjectConfigurationPlatforms) = postSolution
		{F12E0294-F7E3-4FF9-A647-91FE24917052}.Debug|Any CPU.ActiveCfg = Debug|Any CPU
		{F12E0294-F7E3-4FF9-A647-91FE24917052}.Debug|Any CPU.Build.0 = Debug|Any CPU
		{F12E0294-F7E3-4FF9-A647-91FE24917052}.Release|Any CPU.ActiveCfg = Release|Any CPU
		{F12E0294-F7E3-4FF9-A647-91FE24917052}.Release|Any CPU.Build.0 = Release|Any CPU
	EndGlobalSection
	GlobalSection(SolutionProperties) = preSolution
		HideSolutionNode = FALSE
	EndGlobalSection
	GlobalSection(ExtensibilityGlobals) = postSolution
		SolutionGuid = {241E9161-79A2-4ECB-BEE9-11667B9B8F96}
	EndGlobalSection
EndGlobal
